// !$*UTF8*$!
{
	archiveVersion = 1;
	classes = {
	};
	objectVersion = 50;
	objects = {

/* Begin PBXBuildFile section */
		326F454322AB8AEA008E9580 /* AppDelegate.m in Sources */ = {isa = PBXBuildFile; fileRef = 326F454222AB8AEA008E9580 /* AppDelegate.m */; };
		326F454B22AB8AEB008E9580 /* Assets.xcassets in Resources */ = {isa = PBXBuildFile; fileRef = 326F454A22AB8AEB008E9580 /* Assets.xcassets */; };
		326F455122AB8AEB008E9580 /* main.m in Sources */ = {isa = PBXBuildFile; fileRef = 326F455022AB8AEB008E9580 /* main.m */; };
		32A8B68122AF80FD001C3E1D /* DetailViewController.m in Sources */ = {isa = PBXBuildFile; fileRef = 32A8B67F22AF80FD001C3E1D /* DetailViewController.m */; };
		32A8B68222AF80FD001C3E1D /* DetailViewController.xib in Resources */ = {isa = PBXBuildFile; fileRef = 32A8B68022AF80FD001C3E1D /* DetailViewController.xib */; };
		32E0B75D22AD0ECF00213759 /* NavigationController.m in Sources */ = {isa = PBXBuildFile; fileRef = 32E0B75C22AD0ECF00213759 /* NavigationController.m */; };
		32E0B76122AD0F7A00213759 /* ContactsViewController.m in Sources */ = {isa = PBXBuildFile; fileRef = 32E0B75F22AD0F7A00213759 /* ContactsViewController.m */; };
		32E0B76222AD0F7A00213759 /* ContactsViewController.xib in Resources */ = {isa = PBXBuildFile; fileRef = 32E0B76022AD0F7A00213759 /* ContactsViewController.xib */; };
		32E0B76422AD106700213759 /* LaunchScreen.storyboard in Resources */ = {isa = PBXBuildFile; fileRef = 32E0B76322AD106700213759 /* LaunchScreen.storyboard */; };
		32E0B76A22AD5B5E00213759 /* SectionHeaderView.m in Sources */ = {isa = PBXBuildFile; fileRef = 32E0B76922AD5B5E00213759 /* SectionHeaderView.m */; };
		32EF0D4B22AE3B8C001C7CCB /* AcessoryView.m in Sources */ = {isa = PBXBuildFile; fileRef = 32EF0D4A22AE3B8C001C7CCB /* AcessoryView.m */; };
/* End PBXBuildFile section */

/* Begin PBXFileReference section */
		326F453E22AB8AEA008E9580 /* contacts.app */ = {isa = PBXFileReference; explicitFileType = wrapper.application; includeInIndex = 0; path = contacts.app; sourceTree = BUILT_PRODUCTS_DIR; };
		326F454122AB8AEA008E9580 /* AppDelegate.h */ = {isa = PBXFileReference; lastKnownFileType = sourcecode.c.h; path = AppDelegate.h; sourceTree = "<group>"; };
		326F454222AB8AEA008E9580 /* AppDelegate.m */ = {isa = PBXFileReference; lastKnownFileType = sourcecode.c.objc; path = AppDelegate.m; sourceTree = "<group>"; };
		326F454A22AB8AEB008E9580 /* Assets.xcassets */ = {isa = PBXFileReference; lastKnownFileType = folder.assetcatalog; path = Assets.xcassets; sourceTree = "<group>"; };
		326F454F22AB8AEB008E9580 /* Info.plist */ = {isa = PBXFileReference; lastKnownFileType = text.plist.xml; path = Info.plist; sourceTree = "<group>"; };
		326F455022AB8AEB008E9580 /* main.m */ = {isa = PBXFileReference; lastKnownFileType = sourcecode.c.objc; path = main.m; sourceTree = "<group>"; };
		32A8B67E22AF80FD001C3E1D /* DetailViewController.h */ = {isa = PBXFileReference; lastKnownFileType = sourcecode.c.h; path = DetailViewController.h; sourceTree = "<group>"; };
		32A8B67F22AF80FD001C3E1D /* DetailViewController.m */ = {isa = PBXFileReference; lastKnownFileType = sourcecode.c.objc; path = DetailViewController.m; sourceTree = "<group>"; };
		32A8B68022AF80FD001C3E1D /* DetailViewController.xib */ = {isa = PBXFileReference; lastKnownFileType = file.xib; path = DetailViewController.xib; sourceTree = "<group>"; };
		32E0B75B22AD0ECF00213759 /* NavigationController.h */ = {isa = PBXFileReference; lastKnownFileType = sourcecode.c.h; path = NavigationController.h; sourceTree = "<group>"; };
		32E0B75C22AD0ECF00213759 /* NavigationController.m */ = {isa = PBXFileReference; lastKnownFileType = sourcecode.c.objc; path = NavigationController.m; sourceTree = "<group>"; };
		32E0B75E22AD0F7A00213759 /* ContactsViewController.h */ = {isa = PBXFileReference; lastKnownFileType = sourcecode.c.h; path = ContactsViewController.h; sourceTree = "<group>"; };
		32E0B75F22AD0F7A00213759 /* ContactsViewController.m */ = {isa = PBXFileReference; lastKnownFileType = sourcecode.c.objc; path = ContactsViewController.m; sourceTree = "<group>"; };
		32E0B76022AD0F7A00213759 /* ContactsViewController.xib */ = {isa = PBXFileReference; lastKnownFileType = file.xib; path = ContactsViewController.xib; sourceTree = "<group>"; };
		32E0B76322AD106700213759 /* LaunchScreen.storyboard */ = {isa = PBXFileReference; lastKnownFileType = file.storyboard; path = LaunchScreen.storyboard; sourceTree = "<group>"; };
		32E0B76822AD5B5E00213759 /* SectionHeaderView.h */ = {isa = PBXFileReference; lastKnownFileType = sourcecode.c.h; path = SectionHeaderView.h; sourceTree = "<group>"; };
		32E0B76922AD5B5E00213759 /* SectionHeaderView.m */ = {isa = PBXFileReference; lastKnownFileType = sourcecode.c.objc; path = SectionHeaderView.m; sourceTree = "<group>"; };
		32EF0D4922AE3B8C001C7CCB /* AcessoryView.h */ = {isa = PBXFileReference; lastKnownFileType = sourcecode.c.h; path = AcessoryView.h; sourceTree = "<group>"; };
		32EF0D4A22AE3B8C001C7CCB /* AcessoryView.m */ = {isa = PBXFileReference; lastKnownFileType = sourcecode.c.objc; path = AcessoryView.m; sourceTree = "<group>"; };
/* End PBXFileReference section */

/* Begin PBXFrameworksBuildPhase section */
		326F453B22AB8AEA008E9580 /* Frameworks */ = {
			isa = PBXFrameworksBuildPhase;
			buildActionMask = 2147483647;
			files = (
			);
			runOnlyForDeploymentPostprocessing = 0;
		};
/* End PBXFrameworksBuildPhase section */

/* Begin PBXGroup section */
		326F453522AB8AEA008E9580 = {
			isa = PBXGroup;
			children = (
				326F454022AB8AEA008E9580 /* contacts */,
				326F453F22AB8AEA008E9580 /* Products */,
			);
			sourceTree = "<group>";
		};
		326F453F22AB8AEA008E9580 /* Products */ = {
			isa = PBXGroup;
			children = (
				326F453E22AB8AEA008E9580 /* contacts.app */,
			);
			name = Products;
			sourceTree = "<group>";
		};
		326F454022AB8AEA008E9580 /* contacts */ = {
			isa = PBXGroup;
			children = (
				32E0B76722AD5ACA00213759 /* components */,
				32E0B72F22AD076600213759 /* controllers */,
				326F454122AB8AEA008E9580 /* AppDelegate.h */,
				326F454222AB8AEA008E9580 /* AppDelegate.m */,
				326F454A22AB8AEB008E9580 /* Assets.xcassets */,
				32E0B76322AD106700213759 /* LaunchScreen.storyboard */,
				326F454F22AB8AEB008E9580 /* Info.plist */,
				326F455022AB8AEB008E9580 /* main.m */,
			);
			path = contacts;
			sourceTree = "<group>";
		};
		32E0B72F22AD076600213759 /* controllers */ = {
			isa = PBXGroup;
			children = (
				32A8B67E22AF80FD001C3E1D /* DetailViewController.h */,
				32A8B67F22AF80FD001C3E1D /* DetailViewController.m */,
				32A8B68022AF80FD001C3E1D /* DetailViewController.xib */,
				32E0B75E22AD0F7A00213759 /* ContactsViewController.h */,
				32E0B75F22AD0F7A00213759 /* ContactsViewController.m */,
				32E0B76022AD0F7A00213759 /* ContactsViewController.xib */,
				32E0B75B22AD0ECF00213759 /* NavigationController.h */,
				32E0B75C22AD0ECF00213759 /* NavigationController.m */,
			);
			path = controllers;
			sourceTree = "<group>";
		};
		32E0B76722AD5ACA00213759 /* components */ = {
			isa = PBXGroup;
			children = (
				32EF0D4922AE3B8C001C7CCB /* AcessoryView.h */,
				32EF0D4A22AE3B8C001C7CCB /* AcessoryView.m */,
				32E0B76822AD5B5E00213759 /* SectionHeaderView.h */,
				32E0B76922AD5B5E00213759 /* SectionHeaderView.m */,
			);
			path = components;
			sourceTree = "<group>";
		};
/* End PBXGroup section */

/* Begin PBXNativeTarget section */
		326F453D22AB8AEA008E9580 /* contacts */ = {
			isa = PBXNativeTarget;
			buildConfigurationList = 326F455422AB8AEB008E9580 /* Build configuration list for PBXNativeTarget "contacts" */;
			buildPhases = (
				326F453A22AB8AEA008E9580 /* Sources */,
				326F453B22AB8AEA008E9580 /* Frameworks */,
				326F453C22AB8AEA008E9580 /* Resources */,
			);
			buildRules = (
			);
			dependencies = (
			);
			name = contacts;
			productName = contacts;
			productReference = 326F453E22AB8AEA008E9580 /* contacts.app */;
			productType = "com.apple.product-type.application";
		};
/* End PBXNativeTarget section */

/* Begin PBXProject section */
		326F453622AB8AEA008E9580 /* Project object */ = {
			isa = PBXProject;
			attributes = {
				LastUpgradeCheck = 1020;
				ORGANIZATIONNAME = "Фёдор Морев";
				TargetAttributes = {
					326F453D22AB8AEA008E9580 = {
						CreatedOnToolsVersion = 10.2.1;
					};
				};
			};
			buildConfigurationList = 326F453922AB8AEA008E9580 /* Build configuration list for PBXProject "contacts" */;
			compatibilityVersion = "Xcode 9.3";
			developmentRegion = en;
			hasScannedForEncodings = 0;
			knownRegions = (
				en,
				Base,
			);
			mainGroup = 326F453522AB8AEA008E9580;
			productRefGroup = 326F453F22AB8AEA008E9580 /* Products */;
			projectDirPath = "";
			projectRoot = "";
			targets = (
				326F453D22AB8AEA008E9580 /* contacts */,
			);
		};
/* End PBXProject section */

/* Begin PBXResourcesBuildPhase section */
		326F453C22AB8AEA008E9580 /* Resources */ = {
			isa = PBXResourcesBuildPhase;
			buildActionMask = 2147483647;
			files = (
				32E0B76422AD106700213759 /* LaunchScreen.storyboard in Resources */,
				326F454B22AB8AEB008E9580 /* Assets.xcassets in Resources */,
				32E0B76222AD0F7A00213759 /* ContactsViewController.xib in Resources */,
				32A8B68222AF80FD001C3E1D /* DetailViewController.xib in Resources */,
			);
			runOnlyForDeploymentPostprocessing = 0;
		};
/* End PBXResourcesBuildPhase section */

/* Begin PBXSourcesBuildPhase section */
		326F453A22AB8AEA008E9580 /* Sources */ = {
			isa = PBXSourcesBuildPhase;
			buildActionMask = 2147483647;
			files = (
				32E0B75D22AD0ECF00213759 /* NavigationController.m in Sources */,
				32EF0D4B22AE3B8C001C7CCB /* AcessoryView.m in Sources */,
				32E0B76122AD0F7A00213759 /* ContactsViewController.m in Sources */,
				326F455122AB8AEB008E9580 /* main.m in Sources */,
				32E0B76A22AD5B5E00213759 /* SectionHeaderView.m in Sources */,
				326F454322AB8AEA008E9580 /* AppDelegate.m in Sources */,
				32A8B68122AF80FD001C3E1D /* DetailViewController.m in Sources */,
			);
			runOnlyForDeploymentPostprocessing = 0;
		};
/* End PBXSourcesBuildPhase section */

/* Begin XCBuildConfiguration section */
		326F455222AB8AEB008E9580 /* Debug */ = {
			isa = XCBuildConfiguration;
			buildSettings = {
				ALWAYS_SEARCH_USER_PATHS = NO;
				CLANG_ANALYZER_NONNULL = YES;
				CLANG_ANALYZER_NUMBER_OBJECT_CONVERSION = YES_AGGRESSIVE;
				CLANG_CXX_LANGUAGE_STANDARD = "gnu++14";
				CLANG_CXX_LIBRARY = "libc++";
				CLANG_ENABLE_MODULES = YES;
				CLANG_ENABLE_OBJC_ARC = YES;
				CLANG_ENABLE_OBJC_WEAK = YES;
				CLANG_WARN_BLOCK_CAPTURE_AUTORELEASING = YES;
				CLANG_WARN_BOOL_CONVERSION = YES;
				CLANG_WARN_COMMA = YES;
				CLANG_WARN_CONSTANT_CONVERSION = YES;
				CLANG_WARN_DEPRECATED_OBJC_IMPLEMENTATIONS = YES;
				CLANG_WARN_DIRECT_OBJC_ISA_USAGE = YES_ERROR;
				CLANG_WARN_DOCUMENTATION_COMMENTS = YES;
				CLANG_WARN_EMPTY_BODY = YES;
				CLANG_WARN_ENUM_CONVERSION = YES;
				CLANG_WARN_INFINITE_RECURSION = YES;
				CLANG_WARN_INT_CONVERSION = YES;
				CLANG_WARN_NON_LITERAL_NULL_CONVERSION = YES;
				CLANG_WARN_OBJC_IMPLICIT_RETAIN_SELF = YES;
				CLANG_WARN_OBJC_LITERAL_CONVERSION = YES;
				CLANG_WARN_OBJC_ROOT_CLASS = YES_ERROR;
				CLANG_WARN_RANGE_LOOP_ANALYSIS = YES;
				CLANG_WARN_STRICT_PROTOTYPES = YES;
				CLANG_WARN_SUSPICIOUS_MOVE = YES;
				CLANG_WARN_UNGUARDED_AVAILABILITY = YES_AGGRESSIVE;
				CLANG_WARN_UNREACHABLE_CODE = YES;
				CLANG_WARN__DUPLICATE_METHOD_MATCH = YES;
				CODE_SIGN_IDENTITY = "iPhone Developer";
				COPY_PHASE_STRIP = NO;
				DEBUG_INFORMATION_FORMAT = dwarf;
				ENABLE_STRICT_OBJC_MSGSEND = YES;
				ENABLE_TESTABILITY = YES;
				GCC_C_LANGUAGE_STANDARD = gnu11;
				GCC_DYNAMIC_NO_PIC = NO;
				GCC_NO_COMMON_BLOCKS = YES;
				GCC_OPTIMIZATION_LEVEL = 0;
				GCC_PREPROCESSOR_DEFINITIONS = (
					"DEBUG=1",
					"$(inherited)",
				);
				GCC_WARN_64_TO_32_BIT_CONVERSION = YES;
				GCC_WARN_ABOUT_RETURN_TYPE = YES_ERROR;
				GCC_WARN_UNDECLARED_SELECTOR = YES;
				GCC_WARN_UNINITIALIZED_AUTOS = YES_AGGRESSIVE;
				GCC_WARN_UNUSED_FUNCTION = YES;
				GCC_WARN_UNUSED_VARIABLE = YES;
				IPHONEOS_DEPLOYMENT_TARGET = 10.0;
				MTL_ENABLE_DEBUG_INFO = INCLUDE_SOURCE;
				MTL_FAST_MATH = YES;
				ONLY_ACTIVE_ARCH = YES;
				SDKROOT = iphoneos;
			};
			name = Debug;
		};
		326F455322AB8AEB008E9580 /* Release */ = {
			isa = XCBuildConfiguration;
			buildSettings = {
				ALWAYS_SEARCH_USER_PATHS = NO;
				CLANG_ANALYZER_NONNULL = YES;
				CLANG_ANALYZER_NUMBER_OBJECT_CONVERSION = YES_AGGRESSIVE;
				CLANG_CXX_LANGUAGE_STANDARD = "gnu++14";
				CLANG_CXX_LIBRARY = "libc++";
				CLANG_ENABLE_MODULES = YES;
				CLANG_ENABLE_OBJC_ARC = YES;
				CLANG_ENABLE_OBJC_WEAK = YES;
				CLANG_WARN_BLOCK_CAPTURE_AUTORELEASING = YES;
				CLANG_WARN_BOOL_CONVERSION = YES;
				CLANG_WARN_COMMA = YES;
				CLANG_WARN_CONSTANT_CONVERSION = YES;
				CLANG_WARN_DEPRECATED_OBJC_IMPLEMENTATIONS = YES;
				CLANG_WARN_DIRECT_OBJC_ISA_USAGE = YES_ERROR;
				CLANG_WARN_DOCUMENTATION_COMMENTS = YES;
				CLANG_WARN_EMPTY_BODY = YES;
				CLANG_WARN_ENUM_CONVERSION = YES;
				CLANG_WARN_INFINITE_RECURSION = YES;
				CLANG_WARN_INT_CONVERSION = YES;
				CLANG_WARN_NON_LITERAL_NULL_CONVERSION = YES;
				CLANG_WARN_OBJC_IMPLICIT_RETAIN_SELF = YES;
				CLANG_WARN_OBJC_LITERAL_CONVERSION = YES;
				CLANG_WARN_OBJC_ROOT_CLASS = YES_ERROR;
				CLANG_WARN_RANGE_LOOP_ANALYSIS = YES;
				CLANG_WARN_STRICT_PROTOTYPES = YES;
				CLANG_WARN_SUSPICIOUS_MOVE = YES;
				CLANG_WARN_UNGUARDED_AVAILABILITY = YES_AGGRESSIVE;
				CLANG_WARN_UNREACHABLE_CODE = YES;
				CLANG_WARN__DUPLICATE_METHOD_MATCH = YES;
				CODE_SIGN_IDENTITY = "iPhone Developer";
				COPY_PHASE_STRIP = NO;
				DEBUG_INFORMATION_FORMAT = "dwarf-with-dsym";
				ENABLE_NS_ASSERTIONS = NO;
				ENABLE_STRICT_OBJC_MSGSEND = YES;
				GCC_C_LANGUAGE_STANDARD = gnu11;
				GCC_NO_COMMON_BLOCKS = YES;
				GCC_WARN_64_TO_32_BIT_CONVERSION = YES;
				GCC_WARN_ABOUT_RETURN_TYPE = YES_ERROR;
				GCC_WARN_UNDECLARED_SELECTOR = YES;
				GCC_WARN_UNINITIALIZED_AUTOS = YES_AGGRESSIVE;
				GCC_WARN_UNUSED_FUNCTION = YES;
				GCC_WARN_UNUSED_VARIABLE = YES;
				IPHONEOS_DEPLOYMENT_TARGET = 10.0;
				MTL_ENABLE_DEBUG_INFO = NO;
				MTL_FAST_MATH = YES;
				SDKROOT = iphoneos;
				VALIDATE_PRODUCT = YES;
			};
			name = Release;
		};
		326F455522AB8AEB008E9580 /* Debug */ = {
			isa = XCBuildConfiguration;
			buildSettings = {
				ASSETCATALOG_COMPILER_APPICON_NAME = AppIcon;
				CODE_SIGN_STYLE = Automatic;
				DEVELOPMENT_TEAM = X4634FD8JW;
				INFOPLIST_FILE = contacts/Info.plist;
				IPHONEOS_DEPLOYMENT_TARGET = 10.0;
				LD_RUNPATH_SEARCH_PATHS = (
					"$(inherited)",
					"@executable_path/Frameworks",
				);
				PRODUCT_BUNDLE_IDENTIFIER = obj.c.contacts;
				PRODUCT_NAME = "$(TARGET_NAME)";
				TARGETED_DEVICE_FAMILY = "1,2";
			};
			name = Debug;
		};
		326F455622AB8AEB008E9580 /* Release */ = {
			isa = XCBuildConfiguration;
			buildSettings = {
				ASSETCATALOG_COMPILER_APPICON_NAME = AppIcon;
				CODE_SIGN_STYLE = Automatic;
				DEVELOPMENT_TEAM = X4634FD8JW;
				INFOPLIST_FILE = contacts/Info.plist;
				IPHONEOS_DEPLOYMENT_TARGET = 10.0;
				LD_RUNPATH_SEARCH_PATHS = (
					"$(inherited)",
					"@executable_path/Frameworks",
				);
				PRODUCT_BUNDLE_IDENTIFIER = obj.c.contacts;
				PRODUCT_NAME = "$(TARGET_NAME)";
				TARGETED_DEVICE_FAMILY = "1,2";
			};
			name = Release;
		};
/* End XCBuildConfiguration section */

/* Begin XCConfigurationList section */
		326F453922AB8AEA008E9580 /* Build configuration list for PBXProject "contacts" */ = {
			isa = XCConfigurationList;
			buildConfigurations = (
				326F455222AB8AEB008E9580 /* Debug */,
				326F455322AB8AEB008E9580 /* Release */,
			);
			defaultConfigurationIsVisible = 0;
			defaultConfigurationName = Release;
		};
		326F455422AB8AEB008E9580 /* Build configuration list for PBXNativeTarget "contacts" */ = {
			isa = XCConfigurationList;
			buildConfigurations = (
				326F455522AB8AEB008E9580 /* Debug */,
				326F455622AB8AEB008E9580 /* Release */,
			);
			defaultConfigurationIsVisible = 0;
			defaultConfigurationName = Release;
		};
/* End XCConfigurationList section */
	};
	rootObject = 326F453622AB8AEA008E9580 /* Project object */;
}
